
Microsoft Visual Studio Solution File, Format Version 12.00
# Visual Studio Version 17
VisualStudioVersion = 17.4.33213.308
MinimumVisualStudioVersion = 10.0.40219.1
Project("{FAE04EC0-301F-11D3-BF4B-00C04F79EFBC}") = "Library.Api", "Library.Api\Library.Api.csproj", "{0EBE4CE1-A55A-4363-8A1C-F0B77908B01C}"
EndProject
Project("{FAE04EC0-301F-11D3-BF4B-00C04F79EFBC}") = "Library.Infrastructure", "Library.Infrastructure\Library.Infrastructure.csproj", "{0E234236-554D-449D-9B14-2E4A7588945F}"
EndProject
Project("{FAE04EC0-301F-11D3-BF4B-00C04F79EFBC}") = "Library.Domain", "Library.Domain\Library.Domain.csproj", "{A8391B7A-8D0C-4690-8334-DD714B01FA1F}"
EndProject
Project("{FAE04EC0-301F-11D3-BF4B-00C04F79EFBC}") = "Library.Application", "Library.Application\Library.Application.csproj", "{49B4C991-2ED3-461A-A84E-ECCCBC5FDA7C}"
EndProject
Project("{FAE04EC0-301F-11D3-BF4B-00C04F79EFBC}") = "Library.Shared", "Library.Shared\Library.Shared.csproj", "{4BA0BA33-A969-4A41-8F51-C675E88DFA13}"
EndProject
Project("{FAE04EC0-301F-11D3-BF4B-00C04F79EFBC}") = "Library.Web", "Library.Web\Library.Web.csproj", "{3C27CA34-3E8D-4DE2-BA55-4DDB24FBB70C}"
EndProject
Project("{2150E333-8FDC-42A3-9474-1A3956D46DE8}") = "Client", "Client", "{542800BB-73EF-4B54-A65F-DB4A1D8357D7}"
EndProject
Project("{2150E333-8FDC-42A3-9474-1A3956D46DE8}") = "Server", "Server", "{2B5E5786-7AF1-4030-B709-C21968A0E3C5}"
EndProject
Global
	GlobalSection(SolutionConfigurationPlatforms) = preSolution
		Debug|Any CPU = Debug|Any CPU
		Release|Any CPU = Release|Any CPU
	EndGlobalSection
	GlobalSection(ProjectConfigurationPlatforms) = postSolution
		{0EBE4CE1-A55A-4363-8A1C-F0B77908B01C}.Debug|Any CPU.ActiveCfg = Debug|Any CPU
		{0EBE4CE1-A55A-4363-8A1C-F0B77908B01C}.Debug|Any CPU.Build.0 = Debug|Any CPU
		{0EBE4CE1-A55A-4363-8A1C-F0B77908B01C}.Release|Any CPU.ActiveCfg = Release|Any CPU
		{0EBE4CE1-A55A-4363-8A1C-F0B77908B01C}.Release|Any CPU.Build.0 = Release|Any CPU
		{0E234236-554D-449D-9B14-2E4A7588945F}.Debug|Any CPU.ActiveCfg = Debug|Any CPU
		{0E234236-554D-449D-9B14-2E4A7588945F}.Debug|Any CPU.Build.0 = Debug|Any CPU
		{0E234236-554D-449D-9B14-2E4A7588945F}.Release|Any CPU.ActiveCfg = Release|Any CPU
		{0E234236-554D-449D-9B14-2E4A7588945F}.Release|Any CPU.Build.0 = Release|Any CPU
		{A8391B7A-8D0C-4690-8334-DD714B01FA1F}.Debug|Any CPU.ActiveCfg = Debug|Any CPU
		{A8391B7A-8D0C-4690-8334-DD714B01FA1F}.Debug|Any CPU.Build.0 = Debug|Any CPU
		{A8391B7A-8D0C-4690-8334-DD714B01FA1F}.Release|Any CPU.ActiveCfg = Release|Any CPU
		{A8391B7A-8D0C-4690-8334-DD714B01FA1F}.Release|Any CPU.Build.0 = Release|Any CPU
		{49B4C991-2ED3-461A-A84E-ECCCBC5FDA7C}.Debug|Any CPU.ActiveCfg = Debug|Any CPU
		{49B4C991-2ED3-461A-A84E-ECCCBC5FDA7C}.Debug|Any CPU.Build.0 = Debug|Any CPU
		{49B4C991-2ED3-461A-A84E-ECCCBC5FDA7C}.Release|Any CPU.ActiveCfg = Release|Any CPU
		{49B4C991-2ED3-461A-A84E-ECCCBC5FDA7C}.Release|Any CPU.Build.0 = Release|Any CPU
		{4BA0BA33-A969-4A41-8F51-C675E88DFA13}.Debug|Any CPU.ActiveCfg = Debug|Any CPU
		{4BA0BA33-A969-4A41-8F51-C675E88DFA13}.Debug|Any CPU.Build.0 = Debug|Any CPU
		{4BA0BA33-A969-4A41-8F51-C675E88DFA13}.Release|Any CPU.ActiveCfg = Release|Any CPU
		{4BA0BA33-A969-4A41-8F51-C675E88DFA13}.Release|Any CPU.Build.0 = Release|Any CPU
		{3C27CA34-3E8D-4DE2-BA55-4DDB24FBB70C}.Debug|Any CPU.ActiveCfg = Debug|Any CPU
		{3C27CA34-3E8D-4DE2-BA55-4DDB24FBB70C}.Debug|Any CPU.Build.0 = Debug|Any CPU
		{3C27CA34-3E8D-4DE2-BA55-4DDB24FBB70C}.Release|Any CPU.ActiveCfg = Release|Any CPU
		{3C27CA34-3E8D-4DE2-BA55-4DDB24FBB70C}.Release|Any CPU.Build.0 = Release|Any CPU
	EndGlobalSection
	GlobalSection(SolutionProperties) = preSolution
		HideSolutionNode = FALSE
	EndGlobalSection
	GlobalSection(NestedProjects) = preSolution
		{0EBE4CE1-A55A-4363-8A1C-F0B77908B01C} = {2B5E5786-7AF1-4030-B709-C21968A0E3C5}
		{0E234236-554D-449D-9B14-2E4A7588945F} = {2B5E5786-7AF1-4030-B709-C21968A0E3C5}
		{A8391B7A-8D0C-4690-8334-DD714B01FA1F} = {2B5E5786-7AF1-4030-B709-C21968A0E3C5}
		{49B4C991-2ED3-461A-A84E-ECCCBC5FDA7C} = {2B5E5786-7AF1-4030-B709-C21968A0E3C5}
		{4BA0BA33-A969-4A41-8F51-C675E88DFA13} = {2B5E5786-7AF1-4030-B709-C21968A0E3C5}
		{3C27CA34-3E8D-4DE2-BA55-4DDB24FBB70C} = {542800BB-73EF-4B54-A65F-DB4A1D8357D7}
	EndGlobalSection
	GlobalSection(ExtensibilityGlobals) = postSolution
		SolutionGuid = {173CB41F-C986-476A-B5E6-A1FD0E758122}
	EndGlobalSection
EndGlobal
